
Microsoft Visual Studio Solution File, Format Version 12.00
# Visual Studio Version 16
VisualStudioVersion = 16.0.30907.101
MinimumVisualStudioVersion = 10.0.40219.1
Project("{2150E333-8FDC-42A3-9474-1A3956D46DE8}") = "Core", "Core", "{520DB1A9-EAE7-41A8-A8CE-4DBE4EB11517}"
EndProject
Project("{2150E333-8FDC-42A3-9474-1A3956D46DE8}") = "Presentation", "Presentation", "{8061DF66-4955-463F-9661-F35FBEFD678A}"
EndProject
Project("{2150E333-8FDC-42A3-9474-1A3956D46DE8}") = "Infra", "Infra", "{F661DD3E-D3D4-4C11-B6F8-990461982F31}"
EndProject
Project("{9A19103F-16F7-4668-BE54-9A1E7A4F7556}") = "Application", "Core\Application\Application.csproj", "{0282625A-7FCC-4F02-AD11-D8A680697374}"
EndProject
Project("{9A19103F-16F7-4668-BE54-9A1E7A4F7556}") = "Common", "Core\Common\Common.csproj", "{27E7C8E0-745A-42C5-92A0-3CCAD5698017}"
EndProject
Project("{9A19103F-16F7-4668-BE54-9A1E7A4F7556}") = "Domain", "Core\Domain\Domain.csproj", "{0C5FBBCD-97B7-4932-AA4E-3DFA637151F5}"
EndProject
Project("{9A19103F-16F7-4668-BE54-9A1E7A4F7556}") = "Persistence", "Infra\Persistence\Persistence.csproj", "{B49814CE-EBA5-4CFC-9757-C4B466232132}"
EndProject
Project("{9A19103F-16F7-4668-BE54-9A1E7A4F7556}") = "WebApi", "Presentation\WebApi\WebApi.csproj", "{F872663A-8EE9-4D00-B12B-2D8F1E7B3FFF}"
EndProject
Project("{FAE04EC0-301F-11D3-BF4B-00C04F79EFBC}") = "WebApp", "Presentation\WebApp\WebApp.csproj", "{4E81CDD3-481B-48E4-8ECA-23DE135ADBAF}"
EndProject
Global
	GlobalSection(SolutionConfigurationPlatforms) = preSolution
		Debug|Any CPU = Debug|Any CPU
		Release|Any CPU = Release|Any CPU
	EndGlobalSection
	GlobalSection(ProjectConfigurationPlatforms) = postSolution
		{0282625A-7FCC-4F02-AD11-D8A680697374}.Debug|Any CPU.ActiveCfg = Debug|Any CPU
		{0282625A-7FCC-4F02-AD11-D8A680697374}.Debug|Any CPU.Build.0 = Debug|Any CPU
		{0282625A-7FCC-4F02-AD11-D8A680697374}.Release|Any CPU.ActiveCfg = Release|Any CPU
		{0282625A-7FCC-4F02-AD11-D8A680697374}.Release|Any CPU.Build.0 = Release|Any CPU
		{27E7C8E0-745A-42C5-92A0-3CCAD5698017}.Debug|Any CPU.ActiveCfg = Debug|Any CPU
		{27E7C8E0-745A-42C5-92A0-3CCAD5698017}.Debug|Any CPU.Build.0 = Debug|Any CPU
		{27E7C8E0-745A-42C5-92A0-3CCAD5698017}.Release|Any CPU.ActiveCfg = Release|Any CPU
		{27E7C8E0-745A-42C5-92A0-3CCAD5698017}.Release|Any CPU.Build.0 = Release|Any CPU
		{0C5FBBCD-97B7-4932-AA4E-3DFA637151F5}.Debug|Any CPU.ActiveCfg = Debug|Any CPU
		{0C5FBBCD-97B7-4932-AA4E-3DFA637151F5}.Debug|Any CPU.Build.0 = Debug|Any CPU
		{0C5FBBCD-97B7-4932-AA4E-3DFA637151F5}.Release|Any CPU.ActiveCfg = Release|Any CPU
		{0C5FBBCD-97B7-4932-AA4E-3DFA637151F5}.Release|Any CPU.Build.0 = Release|Any CPU
		{B49814CE-EBA5-4CFC-9757-C4B466232132}.Debug|Any CPU.ActiveCfg = Debug|Any CPU
		{B49814CE-EBA5-4CFC-9757-C4B466232132}.Debug|Any CPU.Build.0 = Debug|Any CPU
		{B49814CE-EBA5-4CFC-9757-C4B466232132}.Release|Any CPU.ActiveCfg = Release|Any CPU
		{B49814CE-EBA5-4CFC-9757-C4B466232132}.Release|Any CPU.Build.0 = Release|Any CPU
		{F872663A-8EE9-4D00-B12B-2D8F1E7B3FFF}.Debug|Any CPU.ActiveCfg = Debug|Any CPU
		{F872663A-8EE9-4D00-B12B-2D8F1E7B3FFF}.Debug|Any CPU.Build.0 = Debug|Any CPU
		{F872663A-8EE9-4D00-B12B-2D8F1E7B3FFF}.Release|Any CPU.ActiveCfg = Release|Any CPU
		{F872663A-8EE9-4D00-B12B-2D8F1E7B3FFF}.Release|Any CPU.Build.0 = Release|Any CPU
		{4E81CDD3-481B-48E4-8ECA-23DE135ADBAF}.Debug|Any CPU.ActiveCfg = Debug|Any CPU
		{4E81CDD3-481B-48E4-8ECA-23DE135ADBAF}.Debug|Any CPU.Build.0 = Debug|Any CPU
		{4E81CDD3-481B-48E4-8ECA-23DE135ADBAF}.Release|Any CPU.ActiveCfg = Release|Any CPU
		{4E81CDD3-481B-48E4-8ECA-23DE135ADBAF}.Release|Any CPU.Build.0 = Release|Any CPU
	EndGlobalSection
	GlobalSection(SolutionProperties) = preSolution
		HideSolutionNode = FALSE
	EndGlobalSection
	GlobalSection(NestedProjects) = preSolution
		{0282625A-7FCC-4F02-AD11-D8A680697374} = {520DB1A9-EAE7-41A8-A8CE-4DBE4EB11517}
		{27E7C8E0-745A-42C5-92A0-3CCAD5698017} = {520DB1A9-EAE7-41A8-A8CE-4DBE4EB11517}
		{0C5FBBCD-97B7-4932-AA4E-3DFA637151F5} = {520DB1A9-EAE7-41A8-A8CE-4DBE4EB11517}
		{B49814CE-EBA5-4CFC-9757-C4B466232132} = {F661DD3E-D3D4-4C11-B6F8-990461982F31}
		{F872663A-8EE9-4D00-B12B-2D8F1E7B3FFF} = {8061DF66-4955-463F-9661-F35FBEFD678A}
		{4E81CDD3-481B-48E4-8ECA-23DE135ADBAF} = {8061DF66-4955-463F-9661-F35FBEFD678A}
	EndGlobalSection
	GlobalSection(ExtensibilityGlobals) = postSolution
		SolutionGuid = {A0FCBA3A-A5E4-4AF3-8BD8-8E93D7E6B1B1}
	EndGlobalSection
EndGlobal
